
Microsoft Visual Studio Solution File, Format Version 12.00
# Visual Studio Version 17
VisualStudioVersion = 17.5.33627.172
MinimumVisualStudioVersion = 10.0.40219.1
Project("{9A19103F-16F7-4668-BE54-9A1E7A4F7556}") = "SpotifyApi", "SpotifyApi\SpotifyApi.csproj", "{42A0D8A9-5C36-4ED7-BF67-7ED8BF9FC255}"
EndProject
Project("{FAE04EC0-301F-11D3-BF4B-00C04F79EFBC}") = "SpotifyApi.Gui", "SpotifyApi.Gui\SpotifyApi.Gui.csproj", "{3171032F-1798-4E2D-8311-4FC8894D6AFB}"
EndProject
Global
	GlobalSection(SolutionConfigurationPlatforms) = preSolution
		Debug|Any CPU = Debug|Any CPU
		Release|Any CPU = Release|Any CPU
	EndGlobalSection
	GlobalSection(ProjectConfigurationPlatforms) = postSolution
		{42A0D8A9-5C36-4ED7-BF67-7ED8BF9FC255}.Debug|Any CPU.ActiveCfg = Debug|Any CPU
		{42A0D8A9-5C36-4ED7-BF67-7ED8BF9FC255}.Debug|Any CPU.Build.0 = Debug|Any CPU
		{42A0D8A9-5C36-4ED7-BF67-7ED8BF9FC255}.Release|Any CPU.ActiveCfg = Release|Any CPU
		{42A0D8A9-5C36-4ED7-BF67-7ED8BF9FC255}.Release|Any CPU.Build.0 = Release|Any CPU
		{3171032F-1798-4E2D-8311-4FC8894D6AFB}.Debug|Any CPU.ActiveCfg = Debug|Any CPU
		{3171032F-1798-4E2D-8311-4FC8894D6AFB}.Debug|Any CPU.Build.0 = Debug|Any CPU
		{3171032F-1798-4E2D-8311-4FC8894D6AFB}.Debug|Any CPU.Deploy.0 = Debug|Any CPU
		{3171032F-1798-4E2D-8311-4FC8894D6AFB}.Release|Any CPU.ActiveCfg = Release|Any CPU
		{3171032F-1798-4E2D-8311-4FC8894D6AFB}.Release|Any CPU.Build.0 = Release|Any CPU
		{3171032F-1798-4E2D-8311-4FC8894D6AFB}.Release|Any CPU.Deploy.0 = Release|Any CPU
	EndGlobalSection
	GlobalSection(SolutionProperties) = preSolution
		HideSolutionNode = FALSE
	EndGlobalSection
	GlobalSection(ExtensibilityGlobals) = postSolution
		SolutionGuid = {9C5C6258-EFD5-417D-94D8-6F696B95651E}
	EndGlobalSection
EndGlobal
